
Microsoft Visual Studio Solution File, Format Version 12.00
# Visual Studio Version 17
VisualStudioVersion = 17.0.31903.59
MinimumVisualStudioVersion = 10.0.40219.1
Project("{2150E333-8FDC-42A3-9474-1A3956D46DE8}") = "Modules", "Modules", "{F3DF5AC5-8CDC-46D4-969D-1245A6880215}"
EndProject
Project("{2150E333-8FDC-42A3-9474-1A3956D46DE8}") = "Solution Items", "Solution Items", "{A32CEFB3-4E50-401E-8835-787534414F41}"
	ProjectSection(SolutionItems) = preProject
		.editorconfig = .editorconfig
		Directory.Build.props = Directory.Build.props
		Directory.Packages.props = Directory.Packages.props
		README.md = README.md
	EndProjectSection
EndProject
Project("{2150E333-8FDC-42A3-9474-1A3956D46DE8}") = "Catalog", "Catalog", "{93324D12-DE1B-4C1B-934A-92AA140FF6F6}"
EndProject
Project("{2150E333-8FDC-42A3-9474-1A3956D46DE8}") = "Todo", "Todo", "{79981A5A-207A-4A16-A21B-5E80394082F6}"
EndProject
Project("{2150E333-8FDC-42A3-9474-1A3956D46DE8}") = "_Framework", "_Framework", "{05248A38-0F34-4E59-A3D1-B07097987AFB}"
EndProject
Project("{2150E333-8FDC-42A3-9474-1A3956D46DE8}") = "Shared", "Shared", "{32F5383E-4201-4527-98DB-40715BB9F574}"
EndProject
Project("{2150E333-8FDC-42A3-9474-1A3956D46DE8}") = "Migrations", "Migrations", "{12F8343D-20A6-4E24-B0F5-3A66F2228CF6}"
EndProject
Project("{2150E333-8FDC-42A3-9474-1A3956D46DE8}") = "WebApi", "WebApi", "{CE64E92B-E088-46FB-9028-7FB6B67DEC55}"
EndProject
Project("{2150E333-8FDC-42A3-9474-1A3956D46DE8}") = "Blazor", "Blazor", "{2B1F75CE-07A6-4C19-A2E3-F9E062CFDDFB}"
EndProject
Project("{9A19103F-16F7-4668-BE54-9A1E7A4F7556}") = "Infrastructure", "api\framework\Infrastructure\Infrastructure.csproj", "{294D6FF8-9379-4AB8-A203-8D0CC85FBFBB}"
EndProject
Project("{9A19103F-16F7-4668-BE54-9A1E7A4F7556}") = "Core", "api\framework\Core\Core.csproj", "{A1D828E4-6B83-4BA2-B8E9-B21CE3BE8A31}"
EndProject
Project("{9A19103F-16F7-4668-BE54-9A1E7A4F7556}") = "Server", "api\server\Server.csproj", "{86BD3DF6-A3E9-4839-8036-813A20DC8AD6}"
EndProject
Project("{9A19103F-16F7-4668-BE54-9A1E7A4F7556}") = "MSSQL", "api\migrations\MSSQL\MSSQL.csproj", "{ECCEA352-8953-49D6-8F87-8AB361499420}"
EndProject
Project("{9A19103F-16F7-4668-BE54-9A1E7A4F7556}") = "PostgreSQL", "api\migrations\PostgreSQL\PostgreSQL.csproj", "{D64AD07C-A711-42D8-8653-EDCD7A825A44}"
EndProject
Project("{9A19103F-16F7-4668-BE54-9A1E7A4F7556}") = "Shared", "api\modules\Shared\Shared.csproj", "{E54C7411-6CB4-4AE7-B583-4E669C3C0059}"
EndProject
Project("{9A19103F-16F7-4668-BE54-9A1E7A4F7556}") = "Todo", "api\modules\Todo\Todo.csproj", "{B3866EEF-8F46-4302-ABAC-A95EE2F27331}"
EndProject
Project("{9A19103F-16F7-4668-BE54-9A1E7A4F7556}") = "Catalog.Application", "api\modules\Catalog\Catalog.Application\Catalog.Application.csproj", "{8C7DAF8E-F792-4092-8BBF-31A6B898B39A}"
EndProject
Project("{9A19103F-16F7-4668-BE54-9A1E7A4F7556}") = "Catalog.Domain", "api\modules\Catalog\Catalog.Domain\Catalog.Domain.csproj", "{B15705B5-041C-4F1E-8342-AD03182EDD42}"
EndProject
Project("{9A19103F-16F7-4668-BE54-9A1E7A4F7556}") = "Catalog.Infrastructure", "api\modules\Catalog\Catalog.Infrastructure\Catalog.Infrastructure.csproj", "{89FE1C3B-29D3-48A8-8E7D-90C261D266C5}"
EndProject
Project("{9A19103F-16F7-4668-BE54-9A1E7A4F7556}") = "Client", "apps\blazor\client\Client.csproj", "{BCE4A428-8B97-4B56-AE45-496EE3906667}"
EndProject
Project("{9A19103F-16F7-4668-BE54-9A1E7A4F7556}") = "Infrastructure", "apps\blazor\infrastructure\Infrastructure.csproj", "{27BEF279-AE73-43DC-92A9-FD7021A999D0}"
EndProject
Project("{9A19103F-16F7-4668-BE54-9A1E7A4F7556}") = "Shared", "apps\blazor\shared\Shared.csproj", "{34359707-CE66-4DF0-9EF4-D7544B615564}"
EndProject
Project("{2150E333-8FDC-42A3-9474-1A3956D46DE8}") = "Aspire", "Aspire", "{D36E77BC-4568-4BC8-9506-1EFB7B1CD335}"
EndProject
Project("{9A19103F-16F7-4668-BE54-9A1E7A4F7556}") = "ServiceDefaults", "aspire\service-defaults\ServiceDefaults.csproj", "{990CA37A-86D3-4FE6-B777-3CF0DDAC6BF6}"
EndProject
Project("{9A19103F-16F7-4668-BE54-9A1E7A4F7556}") = "Host", "aspire\host\Host.csproj", "{2119CE89-308D-4932-BFCE-8CDC0A05EB9E}"
EndProject
Project("{2150E333-8FDC-42A3-9474-1A3956D46DE8}") = "RationCatalog", "RationCatalog", "{DBA45CF8-2C60-4EFD-A2BA-6CE2A078AA42}"
EndProject
Project("{9A19103F-16F7-4668-BE54-9A1E7A4F7556}") = "RationCatalog.Application", "api\modules\RationCatalog\RationCatalog.Application\RationCatalog.Application.csproj", "{6BE2E0FA-995B-4ABA-A64E-F4E3BC941A76}"
EndProject
Project("{9A19103F-16F7-4668-BE54-9A1E7A4F7556}") = "RationCatalog.Infrastructure", "api\modules\RationCatalog\RationCatalog.Infrastructure\RationCatalog.Infrastructure.csproj", "{1DF3DFB2-38ED-4B5D-B0B5-EFAC57CC4A66}"
EndProject
Project("{2150E333-8FDC-42A3-9474-1A3956D46DE8}") = "GrowthTreatmentCatalog", "GrowthTreatmentCatalog", "{B7C04F55-5497-442B-BCDE-1EDB3EB8880D}"
EndProject
Project("{9A19103F-16F7-4668-BE54-9A1E7A4F7556}") = "GrowthTreatmentCatalog.Application", "api\modules\GrowthTreatmentCatalog\GrowthTreatmentCatalog.Application\GrowthTreatmentCatalog.Application.csproj", "{9079C499-552A-42A9-8FED-2846F244A9D4}"
EndProject
Project("{9A19103F-16F7-4668-BE54-9A1E7A4F7556}") = "GrowthTreatmentCatalog.Infrastructure", "api\modules\GrowthTreatmentCatalog\GrowthTreatmentCatalog.Infrastructure\GrowthTreatmentCatalog.Infrastructure.csproj", "{C7280AB2-F007-4925-85DD-74A92C686A28}"
EndProject
Project("{2150E333-8FDC-42A3-9474-1A3956D46DE8}") = "PreventativeTreatmentCatalog", "PreventativeTreatmentCatalog", "{55BFF9A1-769F-4E0C-B157-A37814BCA8BB}"
EndProject
Project("{9A19103F-16F7-4668-BE54-9A1E7A4F7556}") = "PreventativeTreatmentCatalog.Application", "api\modules\PreventativeTreatmentCatalog\PreventativeTreatmentCatalog.Application\PreventativeTreatmentCatalog.Application.csproj", "{00175447-E7B0-44AF-B809-807A50AD4D56}"
EndProject
Project("{9A19103F-16F7-4668-BE54-9A1E7A4F7556}") = "PreventativeTreatmentCatalog.Infrastructure", "api\modules\PreventativeTreatmentCatalog\PreventativeTreatmentCatalog.Infrastructure\PreventativeTreatmentCatalog.Infrastructure.csproj", "{D7EF513D-E578-4B4F-AE06-B3118C553FF4}"
EndProject
Project("{2150E333-8FDC-42A3-9474-1A3956D46DE8}") = "LifecycleStageCatalog", "LifecycleStageCatalog", "{52876667-140B-43A9-BAAF-850AF210254E}"
EndProject
Project("{9A19103F-16F7-4668-BE54-9A1E7A4F7556}") = "LifecycleStageCatalog.Application", "api\modules\LifecycleStageCatalog\LifecycleStageCatalog.Application\LifecycleStageCatalog.Application.csproj", "{DB7261EF-2C42-43E8-A22A-8BF38217B42E}"
EndProject
Project("{9A19103F-16F7-4668-BE54-9A1E7A4F7556}") = "LifecycleStageCatalog.Infrastructure", "api\modules\LifecycleStageCatalog\LifecycleStageCatalog.Infrastructure\LifecycleStageCatalog.Infrastructure.csproj", "{CF2AFAA8-874B-493A-8820-8BE31D545BD8}"
EndProject
Project("{2150E333-8FDC-42A3-9474-1A3956D46DE8}") = "LifecycleProgramCatalog", "LifecycleProgramCatalog", "{1073AB87-1ACB-4A00-A86B-734FE86EA1E8}"
EndProject
Project("{9A19103F-16F7-4668-BE54-9A1E7A4F7556}") = "LifecycleProgramCatalog.Application", "api\modules\LifecycleProgramCatalog\LifecycleProgramCatalog.Application\LifecycleProgramCatalog.Application.csproj", "{DCCEA79F-7FA8-472F-84D7-564765CF0DDF}"
EndProject
Project("{9A19103F-16F7-4668-BE54-9A1E7A4F7556}") = "LifecycleProgramCatalog.Infrastructure", "api\modules\LifecycleProgramCatalog\LifecycleProgramCatalog.Infrastructure\LifecycleProgramCatalog.Infrastructure.csproj", "{FC250A77-A9B1-4E7E-B176-3E20FB58A97D}"
EndProject
Project("{9A19103F-16F7-4668-BE54-9A1E7A4F7556}") = "SharedDbContextProject", "SharedDbContextProject\SharedDbContextProject.csproj", "{798CCDEF-86EA-4CFF-9CE3-5311CD8B8214}"
EndProject
Project("{2150E333-8FDC-42A3-9474-1A3956D46DE8}") = "AnimalTypeCatalog", "AnimalTypeCatalog", "{640F5155-F2BC-497A-A1AE-F6E50D4B9B76}"
EndProject
Project("{9A19103F-16F7-4668-BE54-9A1E7A4F7556}") = "AnimalTypeCatalog.Application", "api\modules\AnimalTypeCatalog\AnimalTypeCatalog.Application\AnimalTypeCatalog.Application.csproj", "{F9EB5264-FFE2-4579-BE86-6D4B6915F5E3}"
EndProject
Project("{9A19103F-16F7-4668-BE54-9A1E7A4F7556}") = "AnimalTypeCatalog.Infrastructure", "api\modules\AnimalTypeCatalog\AnimalTypeCatalog.Infrastructure\AnimalTypeCatalog.Infrastructure.csproj", "{BFBF1BA5-F0BB-44A9-AAC0-2BB79C895A9A}"
EndProject
Global
	GlobalSection(SolutionConfigurationPlatforms) = preSolution
		Debug|Any CPU = Debug|Any CPU
		Debug|x64 = Debug|x64
		Debug|x86 = Debug|x86
		Release|Any CPU = Release|Any CPU
		Release|x64 = Release|x64
		Release|x86 = Release|x86
	EndGlobalSection
	GlobalSection(ProjectConfigurationPlatforms) = postSolution
		{294D6FF8-9379-4AB8-A203-8D0CC85FBFBB}.Debug|Any CPU.ActiveCfg = Debug|Any CPU
		{294D6FF8-9379-4AB8-A203-8D0CC85FBFBB}.Debug|Any CPU.Build.0 = Debug|Any CPU
		{294D6FF8-9379-4AB8-A203-8D0CC85FBFBB}.Debug|x64.ActiveCfg = Debug|Any CPU
		{294D6FF8-9379-4AB8-A203-8D0CC85FBFBB}.Debug|x64.Build.0 = Debug|Any CPU
		{294D6FF8-9379-4AB8-A203-8D0CC85FBFBB}.Debug|x86.ActiveCfg = Debug|Any CPU
		{294D6FF8-9379-4AB8-A203-8D0CC85FBFBB}.Debug|x86.Build.0 = Debug|Any CPU
		{294D6FF8-9379-4AB8-A203-8D0CC85FBFBB}.Release|Any CPU.ActiveCfg = Release|Any CPU
		{294D6FF8-9379-4AB8-A203-8D0CC85FBFBB}.Release|Any CPU.Build.0 = Release|Any CPU
		{294D6FF8-9379-4AB8-A203-8D0CC85FBFBB}.Release|x64.ActiveCfg = Release|Any CPU
		{294D6FF8-9379-4AB8-A203-8D0CC85FBFBB}.Release|x64.Build.0 = Release|Any CPU
		{294D6FF8-9379-4AB8-A203-8D0CC85FBFBB}.Release|x86.ActiveCfg = Release|Any CPU
		{294D6FF8-9379-4AB8-A203-8D0CC85FBFBB}.Release|x86.Build.0 = Release|Any CPU
		{A1D828E4-6B83-4BA2-B8E9-B21CE3BE8A31}.Debug|Any CPU.ActiveCfg = Debug|Any CPU
		{A1D828E4-6B83-4BA2-B8E9-B21CE3BE8A31}.Debug|Any CPU.Build.0 = Debug|Any CPU
		{A1D828E4-6B83-4BA2-B8E9-B21CE3BE8A31}.Debug|x64.ActiveCfg = Debug|Any CPU
		{A1D828E4-6B83-4BA2-B8E9-B21CE3BE8A31}.Debug|x64.Build.0 = Debug|Any CPU
		{A1D828E4-6B83-4BA2-B8E9-B21CE3BE8A31}.Debug|x86.ActiveCfg = Debug|Any CPU
		{A1D828E4-6B83-4BA2-B8E9-B21CE3BE8A31}.Debug|x86.Build.0 = Debug|Any CPU
		{A1D828E4-6B83-4BA2-B8E9-B21CE3BE8A31}.Release|Any CPU.ActiveCfg = Release|Any CPU
		{A1D828E4-6B83-4BA2-B8E9-B21CE3BE8A31}.Release|Any CPU.Build.0 = Release|Any CPU
		{A1D828E4-6B83-4BA2-B8E9-B21CE3BE8A31}.Release|x64.ActiveCfg = Release|Any CPU
		{A1D828E4-6B83-4BA2-B8E9-B21CE3BE8A31}.Release|x64.Build.0 = Release|Any CPU
		{A1D828E4-6B83-4BA2-B8E9-B21CE3BE8A31}.Release|x86.ActiveCfg = Release|Any CPU
		{A1D828E4-6B83-4BA2-B8E9-B21CE3BE8A31}.Release|x86.Build.0 = Release|Any CPU
		{86BD3DF6-A3E9-4839-8036-813A20DC8AD6}.Debug|Any CPU.ActiveCfg = Debug|Any CPU
		{86BD3DF6-A3E9-4839-8036-813A20DC8AD6}.Debug|Any CPU.Build.0 = Debug|Any CPU
		{86BD3DF6-A3E9-4839-8036-813A20DC8AD6}.Debug|x64.ActiveCfg = Debug|Any CPU
		{86BD3DF6-A3E9-4839-8036-813A20DC8AD6}.Debug|x64.Build.0 = Debug|Any CPU
		{86BD3DF6-A3E9-4839-8036-813A20DC8AD6}.Debug|x86.ActiveCfg = Debug|Any CPU
		{86BD3DF6-A3E9-4839-8036-813A20DC8AD6}.Debug|x86.Build.0 = Debug|Any CPU
		{86BD3DF6-A3E9-4839-8036-813A20DC8AD6}.Release|Any CPU.ActiveCfg = Release|Any CPU
		{86BD3DF6-A3E9-4839-8036-813A20DC8AD6}.Release|Any CPU.Build.0 = Release|Any CPU
		{86BD3DF6-A3E9-4839-8036-813A20DC8AD6}.Release|x64.ActiveCfg = Release|Any CPU
		{86BD3DF6-A3E9-4839-8036-813A20DC8AD6}.Release|x64.Build.0 = Release|Any CPU
		{86BD3DF6-A3E9-4839-8036-813A20DC8AD6}.Release|x86.ActiveCfg = Release|Any CPU
		{86BD3DF6-A3E9-4839-8036-813A20DC8AD6}.Release|x86.Build.0 = Release|Any CPU
		{ECCEA352-8953-49D6-8F87-8AB361499420}.Debug|Any CPU.ActiveCfg = Debug|Any CPU
		{ECCEA352-8953-49D6-8F87-8AB361499420}.Debug|Any CPU.Build.0 = Debug|Any CPU
		{ECCEA352-8953-49D6-8F87-8AB361499420}.Debug|x64.ActiveCfg = Debug|Any CPU
		{ECCEA352-8953-49D6-8F87-8AB361499420}.Debug|x64.Build.0 = Debug|Any CPU
		{ECCEA352-8953-49D6-8F87-8AB361499420}.Debug|x86.ActiveCfg = Debug|Any CPU
		{ECCEA352-8953-49D6-8F87-8AB361499420}.Debug|x86.Build.0 = Debug|Any CPU
		{ECCEA352-8953-49D6-8F87-8AB361499420}.Release|Any CPU.ActiveCfg = Release|Any CPU
		{ECCEA352-8953-49D6-8F87-8AB361499420}.Release|Any CPU.Build.0 = Release|Any CPU
		{ECCEA352-8953-49D6-8F87-8AB361499420}.Release|x64.ActiveCfg = Release|Any CPU
		{ECCEA352-8953-49D6-8F87-8AB361499420}.Release|x64.Build.0 = Release|Any CPU
		{ECCEA352-8953-49D6-8F87-8AB361499420}.Release|x86.ActiveCfg = Release|Any CPU
		{ECCEA352-8953-49D6-8F87-8AB361499420}.Release|x86.Build.0 = Release|Any CPU
		{D64AD07C-A711-42D8-8653-EDCD7A825A44}.Debug|Any CPU.ActiveCfg = Debug|Any CPU
		{D64AD07C-A711-42D8-8653-EDCD7A825A44}.Debug|Any CPU.Build.0 = Debug|Any CPU
		{D64AD07C-A711-42D8-8653-EDCD7A825A44}.Debug|x64.ActiveCfg = Debug|Any CPU
		{D64AD07C-A711-42D8-8653-EDCD7A825A44}.Debug|x64.Build.0 = Debug|Any CPU
		{D64AD07C-A711-42D8-8653-EDCD7A825A44}.Debug|x86.ActiveCfg = Debug|Any CPU
		{D64AD07C-A711-42D8-8653-EDCD7A825A44}.Debug|x86.Build.0 = Debug|Any CPU
		{D64AD07C-A711-42D8-8653-EDCD7A825A44}.Release|Any CPU.ActiveCfg = Release|Any CPU
		{D64AD07C-A711-42D8-8653-EDCD7A825A44}.Release|Any CPU.Build.0 = Release|Any CPU
		{D64AD07C-A711-42D8-8653-EDCD7A825A44}.Release|x64.ActiveCfg = Release|Any CPU
		{D64AD07C-A711-42D8-8653-EDCD7A825A44}.Release|x64.Build.0 = Release|Any CPU
		{D64AD07C-A711-42D8-8653-EDCD7A825A44}.Release|x86.ActiveCfg = Release|Any CPU
		{D64AD07C-A711-42D8-8653-EDCD7A825A44}.Release|x86.Build.0 = Release|Any CPU
		{E54C7411-6CB4-4AE7-B583-4E669C3C0059}.Debug|Any CPU.ActiveCfg = Debug|Any CPU
		{E54C7411-6CB4-4AE7-B583-4E669C3C0059}.Debug|Any CPU.Build.0 = Debug|Any CPU
		{E54C7411-6CB4-4AE7-B583-4E669C3C0059}.Debug|x64.ActiveCfg = Debug|Any CPU
		{E54C7411-6CB4-4AE7-B583-4E669C3C0059}.Debug|x64.Build.0 = Debug|Any CPU
		{E54C7411-6CB4-4AE7-B583-4E669C3C0059}.Debug|x86.ActiveCfg = Debug|Any CPU
		{E54C7411-6CB4-4AE7-B583-4E669C3C0059}.Debug|x86.Build.0 = Debug|Any CPU
		{E54C7411-6CB4-4AE7-B583-4E669C3C0059}.Release|Any CPU.ActiveCfg = Release|Any CPU
		{E54C7411-6CB4-4AE7-B583-4E669C3C0059}.Release|Any CPU.Build.0 = Release|Any CPU
		{E54C7411-6CB4-4AE7-B583-4E669C3C0059}.Release|x64.ActiveCfg = Release|Any CPU
		{E54C7411-6CB4-4AE7-B583-4E669C3C0059}.Release|x64.Build.0 = Release|Any CPU
		{E54C7411-6CB4-4AE7-B583-4E669C3C0059}.Release|x86.ActiveCfg = Release|Any CPU
		{E54C7411-6CB4-4AE7-B583-4E669C3C0059}.Release|x86.Build.0 = Release|Any CPU
		{B3866EEF-8F46-4302-ABAC-A95EE2F27331}.Debug|Any CPU.ActiveCfg = Debug|Any CPU
		{B3866EEF-8F46-4302-ABAC-A95EE2F27331}.Debug|Any CPU.Build.0 = Debug|Any CPU
		{B3866EEF-8F46-4302-ABAC-A95EE2F27331}.Debug|x64.ActiveCfg = Debug|Any CPU
		{B3866EEF-8F46-4302-ABAC-A95EE2F27331}.Debug|x64.Build.0 = Debug|Any CPU
		{B3866EEF-8F46-4302-ABAC-A95EE2F27331}.Debug|x86.ActiveCfg = Debug|Any CPU
		{B3866EEF-8F46-4302-ABAC-A95EE2F27331}.Debug|x86.Build.0 = Debug|Any CPU
		{B3866EEF-8F46-4302-ABAC-A95EE2F27331}.Release|Any CPU.ActiveCfg = Release|Any CPU
		{B3866EEF-8F46-4302-ABAC-A95EE2F27331}.Release|Any CPU.Build.0 = Release|Any CPU
		{B3866EEF-8F46-4302-ABAC-A95EE2F27331}.Release|x64.ActiveCfg = Release|Any CPU
		{B3866EEF-8F46-4302-ABAC-A95EE2F27331}.Release|x64.Build.0 = Release|Any CPU
		{B3866EEF-8F46-4302-ABAC-A95EE2F27331}.Release|x86.ActiveCfg = Release|Any CPU
		{B3866EEF-8F46-4302-ABAC-A95EE2F27331}.Release|x86.Build.0 = Release|Any CPU
		{8C7DAF8E-F792-4092-8BBF-31A6B898B39A}.Debug|Any CPU.ActiveCfg = Debug|Any CPU
		{8C7DAF8E-F792-4092-8BBF-31A6B898B39A}.Debug|Any CPU.Build.0 = Debug|Any CPU
		{8C7DAF8E-F792-4092-8BBF-31A6B898B39A}.Debug|x64.ActiveCfg = Debug|Any CPU
		{8C7DAF8E-F792-4092-8BBF-31A6B898B39A}.Debug|x64.Build.0 = Debug|Any CPU
		{8C7DAF8E-F792-4092-8BBF-31A6B898B39A}.Debug|x86.ActiveCfg = Debug|Any CPU
		{8C7DAF8E-F792-4092-8BBF-31A6B898B39A}.Debug|x86.Build.0 = Debug|Any CPU
		{8C7DAF8E-F792-4092-8BBF-31A6B898B39A}.Release|Any CPU.ActiveCfg = Release|Any CPU
		{8C7DAF8E-F792-4092-8BBF-31A6B898B39A}.Release|Any CPU.Build.0 = Release|Any CPU
		{8C7DAF8E-F792-4092-8BBF-31A6B898B39A}.Release|x64.ActiveCfg = Release|Any CPU
		{8C7DAF8E-F792-4092-8BBF-31A6B898B39A}.Release|x64.Build.0 = Release|Any CPU
		{8C7DAF8E-F792-4092-8BBF-31A6B898B39A}.Release|x86.ActiveCfg = Release|Any CPU
		{8C7DAF8E-F792-4092-8BBF-31A6B898B39A}.Release|x86.Build.0 = Release|Any CPU
		{B15705B5-041C-4F1E-8342-AD03182EDD42}.Debug|Any CPU.ActiveCfg = Debug|Any CPU
		{B15705B5-041C-4F1E-8342-AD03182EDD42}.Debug|Any CPU.Build.0 = Debug|Any CPU
		{B15705B5-041C-4F1E-8342-AD03182EDD42}.Debug|x64.ActiveCfg = Debug|Any CPU
		{B15705B5-041C-4F1E-8342-AD03182EDD42}.Debug|x64.Build.0 = Debug|Any CPU
		{B15705B5-041C-4F1E-8342-AD03182EDD42}.Debug|x86.ActiveCfg = Debug|Any CPU
		{B15705B5-041C-4F1E-8342-AD03182EDD42}.Debug|x86.Build.0 = Debug|Any CPU
		{B15705B5-041C-4F1E-8342-AD03182EDD42}.Release|Any CPU.ActiveCfg = Release|Any CPU
		{B15705B5-041C-4F1E-8342-AD03182EDD42}.Release|Any CPU.Build.0 = Release|Any CPU
		{B15705B5-041C-4F1E-8342-AD03182EDD42}.Release|x64.ActiveCfg = Release|Any CPU
		{B15705B5-041C-4F1E-8342-AD03182EDD42}.Release|x64.Build.0 = Release|Any CPU
		{B15705B5-041C-4F1E-8342-AD03182EDD42}.Release|x86.ActiveCfg = Release|Any CPU
		{B15705B5-041C-4F1E-8342-AD03182EDD42}.Release|x86.Build.0 = Release|Any CPU
		{89FE1C3B-29D3-48A8-8E7D-90C261D266C5}.Debug|Any CPU.ActiveCfg = Debug|Any CPU
		{89FE1C3B-29D3-48A8-8E7D-90C261D266C5}.Debug|Any CPU.Build.0 = Debug|Any CPU
		{89FE1C3B-29D3-48A8-8E7D-90C261D266C5}.Debug|x64.ActiveCfg = Debug|Any CPU
		{89FE1C3B-29D3-48A8-8E7D-90C261D266C5}.Debug|x64.Build.0 = Debug|Any CPU
		{89FE1C3B-29D3-48A8-8E7D-90C261D266C5}.Debug|x86.ActiveCfg = Debug|Any CPU
		{89FE1C3B-29D3-48A8-8E7D-90C261D266C5}.Debug|x86.Build.0 = Debug|Any CPU
		{89FE1C3B-29D3-48A8-8E7D-90C261D266C5}.Release|Any CPU.ActiveCfg = Release|Any CPU
		{89FE1C3B-29D3-48A8-8E7D-90C261D266C5}.Release|Any CPU.Build.0 = Release|Any CPU
		{89FE1C3B-29D3-48A8-8E7D-90C261D266C5}.Release|x64.ActiveCfg = Release|Any CPU
		{89FE1C3B-29D3-48A8-8E7D-90C261D266C5}.Release|x64.Build.0 = Release|Any CPU
		{89FE1C3B-29D3-48A8-8E7D-90C261D266C5}.Release|x86.ActiveCfg = Release|Any CPU
		{89FE1C3B-29D3-48A8-8E7D-90C261D266C5}.Release|x86.Build.0 = Release|Any CPU
		{BCE4A428-8B97-4B56-AE45-496EE3906667}.Debug|Any CPU.ActiveCfg = Debug|Any CPU
		{BCE4A428-8B97-4B56-AE45-496EE3906667}.Debug|Any CPU.Build.0 = Debug|Any CPU
		{BCE4A428-8B97-4B56-AE45-496EE3906667}.Debug|x64.ActiveCfg = Debug|Any CPU
		{BCE4A428-8B97-4B56-AE45-496EE3906667}.Debug|x64.Build.0 = Debug|Any CPU
		{BCE4A428-8B97-4B56-AE45-496EE3906667}.Debug|x86.ActiveCfg = Debug|Any CPU
		{BCE4A428-8B97-4B56-AE45-496EE3906667}.Debug|x86.Build.0 = Debug|Any CPU
		{BCE4A428-8B97-4B56-AE45-496EE3906667}.Release|Any CPU.ActiveCfg = Release|Any CPU
		{BCE4A428-8B97-4B56-AE45-496EE3906667}.Release|Any CPU.Build.0 = Release|Any CPU
		{BCE4A428-8B97-4B56-AE45-496EE3906667}.Release|x64.ActiveCfg = Release|Any CPU
		{BCE4A428-8B97-4B56-AE45-496EE3906667}.Release|x64.Build.0 = Release|Any CPU
		{BCE4A428-8B97-4B56-AE45-496EE3906667}.Release|x86.ActiveCfg = Release|Any CPU
		{BCE4A428-8B97-4B56-AE45-496EE3906667}.Release|x86.Build.0 = Release|Any CPU
		{27BEF279-AE73-43DC-92A9-FD7021A999D0}.Debug|Any CPU.ActiveCfg = Debug|Any CPU
		{27BEF279-AE73-43DC-92A9-FD7021A999D0}.Debug|Any CPU.Build.0 = Debug|Any CPU
		{27BEF279-AE73-43DC-92A9-FD7021A999D0}.Debug|x64.ActiveCfg = Debug|Any CPU
		{27BEF279-AE73-43DC-92A9-FD7021A999D0}.Debug|x64.Build.0 = Debug|Any CPU
		{27BEF279-AE73-43DC-92A9-FD7021A999D0}.Debug|x86.ActiveCfg = Debug|Any CPU
		{27BEF279-AE73-43DC-92A9-FD7021A999D0}.Debug|x86.Build.0 = Debug|Any CPU
		{27BEF279-AE73-43DC-92A9-FD7021A999D0}.Release|Any CPU.ActiveCfg = Release|Any CPU
		{27BEF279-AE73-43DC-92A9-FD7021A999D0}.Release|Any CPU.Build.0 = Release|Any CPU
		{27BEF279-AE73-43DC-92A9-FD7021A999D0}.Release|x64.ActiveCfg = Release|Any CPU
		{27BEF279-AE73-43DC-92A9-FD7021A999D0}.Release|x64.Build.0 = Release|Any CPU
		{27BEF279-AE73-43DC-92A9-FD7021A999D0}.Release|x86.ActiveCfg = Release|Any CPU
		{27BEF279-AE73-43DC-92A9-FD7021A999D0}.Release|x86.Build.0 = Release|Any CPU
		{34359707-CE66-4DF0-9EF4-D7544B615564}.Debug|Any CPU.ActiveCfg = Debug|Any CPU
		{34359707-CE66-4DF0-9EF4-D7544B615564}.Debug|Any CPU.Build.0 = Debug|Any CPU
		{34359707-CE66-4DF0-9EF4-D7544B615564}.Debug|x64.ActiveCfg = Debug|Any CPU
		{34359707-CE66-4DF0-9EF4-D7544B615564}.Debug|x64.Build.0 = Debug|Any CPU
		{34359707-CE66-4DF0-9EF4-D7544B615564}.Debug|x86.ActiveCfg = Debug|Any CPU
		{34359707-CE66-4DF0-9EF4-D7544B615564}.Debug|x86.Build.0 = Debug|Any CPU
		{34359707-CE66-4DF0-9EF4-D7544B615564}.Release|Any CPU.ActiveCfg = Release|Any CPU
		{34359707-CE66-4DF0-9EF4-D7544B615564}.Release|Any CPU.Build.0 = Release|Any CPU
		{34359707-CE66-4DF0-9EF4-D7544B615564}.Release|x64.ActiveCfg = Release|Any CPU
		{34359707-CE66-4DF0-9EF4-D7544B615564}.Release|x64.Build.0 = Release|Any CPU
		{34359707-CE66-4DF0-9EF4-D7544B615564}.Release|x86.ActiveCfg = Release|Any CPU
		{34359707-CE66-4DF0-9EF4-D7544B615564}.Release|x86.Build.0 = Release|Any CPU
		{990CA37A-86D3-4FE6-B777-3CF0DDAC6BF6}.Debug|Any CPU.ActiveCfg = Debug|Any CPU
		{990CA37A-86D3-4FE6-B777-3CF0DDAC6BF6}.Debug|Any CPU.Build.0 = Debug|Any CPU
		{990CA37A-86D3-4FE6-B777-3CF0DDAC6BF6}.Debug|x64.ActiveCfg = Debug|Any CPU
		{990CA37A-86D3-4FE6-B777-3CF0DDAC6BF6}.Debug|x64.Build.0 = Debug|Any CPU
		{990CA37A-86D3-4FE6-B777-3CF0DDAC6BF6}.Debug|x86.ActiveCfg = Debug|Any CPU
		{990CA37A-86D3-4FE6-B777-3CF0DDAC6BF6}.Debug|x86.Build.0 = Debug|Any CPU
		{990CA37A-86D3-4FE6-B777-3CF0DDAC6BF6}.Release|Any CPU.ActiveCfg = Release|Any CPU
		{990CA37A-86D3-4FE6-B777-3CF0DDAC6BF6}.Release|Any CPU.Build.0 = Release|Any CPU
		{990CA37A-86D3-4FE6-B777-3CF0DDAC6BF6}.Release|x64.ActiveCfg = Release|Any CPU
		{990CA37A-86D3-4FE6-B777-3CF0DDAC6BF6}.Release|x64.Build.0 = Release|Any CPU
		{990CA37A-86D3-4FE6-B777-3CF0DDAC6BF6}.Release|x86.ActiveCfg = Release|Any CPU
		{990CA37A-86D3-4FE6-B777-3CF0DDAC6BF6}.Release|x86.Build.0 = Release|Any CPU
		{2119CE89-308D-4932-BFCE-8CDC0A05EB9E}.Debug|Any CPU.ActiveCfg = Debug|Any CPU
		{2119CE89-308D-4932-BFCE-8CDC0A05EB9E}.Debug|Any CPU.Build.0 = Debug|Any CPU
		{2119CE89-308D-4932-BFCE-8CDC0A05EB9E}.Debug|x64.ActiveCfg = Debug|Any CPU
		{2119CE89-308D-4932-BFCE-8CDC0A05EB9E}.Debug|x64.Build.0 = Debug|Any CPU
		{2119CE89-308D-4932-BFCE-8CDC0A05EB9E}.Debug|x86.ActiveCfg = Debug|Any CPU
		{2119CE89-308D-4932-BFCE-8CDC0A05EB9E}.Debug|x86.Build.0 = Debug|Any CPU
		{2119CE89-308D-4932-BFCE-8CDC0A05EB9E}.Release|Any CPU.ActiveCfg = Release|Any CPU
		{2119CE89-308D-4932-BFCE-8CDC0A05EB9E}.Release|Any CPU.Build.0 = Release|Any CPU
		{2119CE89-308D-4932-BFCE-8CDC0A05EB9E}.Release|x64.ActiveCfg = Release|Any CPU
		{2119CE89-308D-4932-BFCE-8CDC0A05EB9E}.Release|x64.Build.0 = Release|Any CPU
		{2119CE89-308D-4932-BFCE-8CDC0A05EB9E}.Release|x86.ActiveCfg = Release|Any CPU
		{2119CE89-308D-4932-BFCE-8CDC0A05EB9E}.Release|x86.Build.0 = Release|Any CPU
		{6BE2E0FA-995B-4ABA-A64E-F4E3BC941A76}.Debug|Any CPU.ActiveCfg = Debug|Any CPU
		{6BE2E0FA-995B-4ABA-A64E-F4E3BC941A76}.Debug|Any CPU.Build.0 = Debug|Any CPU
		{6BE2E0FA-995B-4ABA-A64E-F4E3BC941A76}.Debug|x64.ActiveCfg = Debug|Any CPU
		{6BE2E0FA-995B-4ABA-A64E-F4E3BC941A76}.Debug|x64.Build.0 = Debug|Any CPU
		{6BE2E0FA-995B-4ABA-A64E-F4E3BC941A76}.Debug|x86.ActiveCfg = Debug|Any CPU
		{6BE2E0FA-995B-4ABA-A64E-F4E3BC941A76}.Debug|x86.Build.0 = Debug|Any CPU
		{6BE2E0FA-995B-4ABA-A64E-F4E3BC941A76}.Release|Any CPU.ActiveCfg = Release|Any CPU
		{6BE2E0FA-995B-4ABA-A64E-F4E3BC941A76}.Release|Any CPU.Build.0 = Release|Any CPU
		{6BE2E0FA-995B-4ABA-A64E-F4E3BC941A76}.Release|x64.ActiveCfg = Release|Any CPU
		{6BE2E0FA-995B-4ABA-A64E-F4E3BC941A76}.Release|x64.Build.0 = Release|Any CPU
		{6BE2E0FA-995B-4ABA-A64E-F4E3BC941A76}.Release|x86.ActiveCfg = Release|Any CPU
		{6BE2E0FA-995B-4ABA-A64E-F4E3BC941A76}.Release|x86.Build.0 = Release|Any CPU
		{1DF3DFB2-38ED-4B5D-B0B5-EFAC57CC4A66}.Debug|Any CPU.ActiveCfg = Debug|Any CPU
		{1DF3DFB2-38ED-4B5D-B0B5-EFAC57CC4A66}.Debug|Any CPU.Build.0 = Debug|Any CPU
		{1DF3DFB2-38ED-4B5D-B0B5-EFAC57CC4A66}.Debug|x64.ActiveCfg = Debug|Any CPU
		{1DF3DFB2-38ED-4B5D-B0B5-EFAC57CC4A66}.Debug|x64.Build.0 = Debug|Any CPU
		{1DF3DFB2-38ED-4B5D-B0B5-EFAC57CC4A66}.Debug|x86.ActiveCfg = Debug|Any CPU
		{1DF3DFB2-38ED-4B5D-B0B5-EFAC57CC4A66}.Debug|x86.Build.0 = Debug|Any CPU
		{1DF3DFB2-38ED-4B5D-B0B5-EFAC57CC4A66}.Release|Any CPU.ActiveCfg = Release|Any CPU
		{1DF3DFB2-38ED-4B5D-B0B5-EFAC57CC4A66}.Release|Any CPU.Build.0 = Release|Any CPU
		{1DF3DFB2-38ED-4B5D-B0B5-EFAC57CC4A66}.Release|x64.ActiveCfg = Release|Any CPU
		{1DF3DFB2-38ED-4B5D-B0B5-EFAC57CC4A66}.Release|x64.Build.0 = Release|Any CPU
		{1DF3DFB2-38ED-4B5D-B0B5-EFAC57CC4A66}.Release|x86.ActiveCfg = Release|Any CPU
		{1DF3DFB2-38ED-4B5D-B0B5-EFAC57CC4A66}.Release|x86.Build.0 = Release|Any CPU
		{9079C499-552A-42A9-8FED-2846F244A9D4}.Debug|Any CPU.ActiveCfg = Debug|Any CPU
		{9079C499-552A-42A9-8FED-2846F244A9D4}.Debug|Any CPU.Build.0 = Debug|Any CPU
		{9079C499-552A-42A9-8FED-2846F244A9D4}.Debug|x64.ActiveCfg = Debug|Any CPU
		{9079C499-552A-42A9-8FED-2846F244A9D4}.Debug|x64.Build.0 = Debug|Any CPU
		{9079C499-552A-42A9-8FED-2846F244A9D4}.Debug|x86.ActiveCfg = Debug|Any CPU
		{9079C499-552A-42A9-8FED-2846F244A9D4}.Debug|x86.Build.0 = Debug|Any CPU
		{9079C499-552A-42A9-8FED-2846F244A9D4}.Release|Any CPU.ActiveCfg = Release|Any CPU
		{9079C499-552A-42A9-8FED-2846F244A9D4}.Release|Any CPU.Build.0 = Release|Any CPU
		{9079C499-552A-42A9-8FED-2846F244A9D4}.Release|x64.ActiveCfg = Release|Any CPU
		{9079C499-552A-42A9-8FED-2846F244A9D4}.Release|x64.Build.0 = Release|Any CPU
		{9079C499-552A-42A9-8FED-2846F244A9D4}.Release|x86.ActiveCfg = Release|Any CPU
		{9079C499-552A-42A9-8FED-2846F244A9D4}.Release|x86.Build.0 = Release|Any CPU
		{C7280AB2-F007-4925-85DD-74A92C686A28}.Debug|Any CPU.ActiveCfg = Debug|Any CPU
		{C7280AB2-F007-4925-85DD-74A92C686A28}.Debug|Any CPU.Build.0 = Debug|Any CPU
		{C7280AB2-F007-4925-85DD-74A92C686A28}.Debug|x64.ActiveCfg = Debug|Any CPU
		{C7280AB2-F007-4925-85DD-74A92C686A28}.Debug|x64.Build.0 = Debug|Any CPU
		{C7280AB2-F007-4925-85DD-74A92C686A28}.Debug|x86.ActiveCfg = Debug|Any CPU
		{C7280AB2-F007-4925-85DD-74A92C686A28}.Debug|x86.Build.0 = Debug|Any CPU
		{C7280AB2-F007-4925-85DD-74A92C686A28}.Release|Any CPU.ActiveCfg = Release|Any CPU
		{C7280AB2-F007-4925-85DD-74A92C686A28}.Release|Any CPU.Build.0 = Release|Any CPU
		{C7280AB2-F007-4925-85DD-74A92C686A28}.Release|x64.ActiveCfg = Release|Any CPU
		{C7280AB2-F007-4925-85DD-74A92C686A28}.Release|x64.Build.0 = Release|Any CPU
		{C7280AB2-F007-4925-85DD-74A92C686A28}.Release|x86.ActiveCfg = Release|Any CPU
		{C7280AB2-F007-4925-85DD-74A92C686A28}.Release|x86.Build.0 = Release|Any CPU
		{00175447-E7B0-44AF-B809-807A50AD4D56}.Debug|Any CPU.ActiveCfg = Debug|Any CPU
		{00175447-E7B0-44AF-B809-807A50AD4D56}.Debug|Any CPU.Build.0 = Debug|Any CPU
		{00175447-E7B0-44AF-B809-807A50AD4D56}.Debug|x64.ActiveCfg = Debug|Any CPU
		{00175447-E7B0-44AF-B809-807A50AD4D56}.Debug|x64.Build.0 = Debug|Any CPU
		{00175447-E7B0-44AF-B809-807A50AD4D56}.Debug|x86.ActiveCfg = Debug|Any CPU
		{00175447-E7B0-44AF-B809-807A50AD4D56}.Debug|x86.Build.0 = Debug|Any CPU
		{00175447-E7B0-44AF-B809-807A50AD4D56}.Release|Any CPU.ActiveCfg = Release|Any CPU
		{00175447-E7B0-44AF-B809-807A50AD4D56}.Release|Any CPU.Build.0 = Release|Any CPU
		{00175447-E7B0-44AF-B809-807A50AD4D56}.Release|x64.ActiveCfg = Release|Any CPU
		{00175447-E7B0-44AF-B809-807A50AD4D56}.Release|x64.Build.0 = Release|Any CPU
		{00175447-E7B0-44AF-B809-807A50AD4D56}.Release|x86.ActiveCfg = Release|Any CPU
		{00175447-E7B0-44AF-B809-807A50AD4D56}.Release|x86.Build.0 = Release|Any CPU
		{D7EF513D-E578-4B4F-AE06-B3118C553FF4}.Debug|Any CPU.ActiveCfg = Debug|Any CPU
		{D7EF513D-E578-4B4F-AE06-B3118C553FF4}.Debug|Any CPU.Build.0 = Debug|Any CPU
		{D7EF513D-E578-4B4F-AE06-B3118C553FF4}.Debug|x64.ActiveCfg = Debug|Any CPU
		{D7EF513D-E578-4B4F-AE06-B3118C553FF4}.Debug|x64.Build.0 = Debug|Any CPU
		{D7EF513D-E578-4B4F-AE06-B3118C553FF4}.Debug|x86.ActiveCfg = Debug|Any CPU
		{D7EF513D-E578-4B4F-AE06-B3118C553FF4}.Debug|x86.Build.0 = Debug|Any CPU
		{D7EF513D-E578-4B4F-AE06-B3118C553FF4}.Release|Any CPU.ActiveCfg = Release|Any CPU
		{D7EF513D-E578-4B4F-AE06-B3118C553FF4}.Release|Any CPU.Build.0 = Release|Any CPU
		{D7EF513D-E578-4B4F-AE06-B3118C553FF4}.Release|x64.ActiveCfg = Release|Any CPU
		{D7EF513D-E578-4B4F-AE06-B3118C553FF4}.Release|x64.Build.0 = Release|Any CPU
		{D7EF513D-E578-4B4F-AE06-B3118C553FF4}.Release|x86.ActiveCfg = Release|Any CPU
		{D7EF513D-E578-4B4F-AE06-B3118C553FF4}.Release|x86.Build.0 = Release|Any CPU
		{DB7261EF-2C42-43E8-A22A-8BF38217B42E}.Debug|Any CPU.ActiveCfg = Debug|Any CPU
		{DB7261EF-2C42-43E8-A22A-8BF38217B42E}.Debug|Any CPU.Build.0 = Debug|Any CPU
		{DB7261EF-2C42-43E8-A22A-8BF38217B42E}.Debug|x64.ActiveCfg = Debug|Any CPU
		{DB7261EF-2C42-43E8-A22A-8BF38217B42E}.Debug|x64.Build.0 = Debug|Any CPU
		{DB7261EF-2C42-43E8-A22A-8BF38217B42E}.Debug|x86.ActiveCfg = Debug|Any CPU
		{DB7261EF-2C42-43E8-A22A-8BF38217B42E}.Debug|x86.Build.0 = Debug|Any CPU
		{DB7261EF-2C42-43E8-A22A-8BF38217B42E}.Release|Any CPU.ActiveCfg = Release|Any CPU
		{DB7261EF-2C42-43E8-A22A-8BF38217B42E}.Release|Any CPU.Build.0 = Release|Any CPU
		{DB7261EF-2C42-43E8-A22A-8BF38217B42E}.Release|x64.ActiveCfg = Release|Any CPU
		{DB7261EF-2C42-43E8-A22A-8BF38217B42E}.Release|x64.Build.0 = Release|Any CPU
		{DB7261EF-2C42-43E8-A22A-8BF38217B42E}.Release|x86.ActiveCfg = Release|Any CPU
		{DB7261EF-2C42-43E8-A22A-8BF38217B42E}.Release|x86.Build.0 = Release|Any CPU
		{CF2AFAA8-874B-493A-8820-8BE31D545BD8}.Debug|Any CPU.ActiveCfg = Debug|Any CPU
		{CF2AFAA8-874B-493A-8820-8BE31D545BD8}.Debug|Any CPU.Build.0 = Debug|Any CPU
		{CF2AFAA8-874B-493A-8820-8BE31D545BD8}.Debug|x64.ActiveCfg = Debug|Any CPU
		{CF2AFAA8-874B-493A-8820-8BE31D545BD8}.Debug|x64.Build.0 = Debug|Any CPU
		{CF2AFAA8-874B-493A-8820-8BE31D545BD8}.Debug|x86.ActiveCfg = Debug|Any CPU
		{CF2AFAA8-874B-493A-8820-8BE31D545BD8}.Debug|x86.Build.0 = Debug|Any CPU
		{CF2AFAA8-874B-493A-8820-8BE31D545BD8}.Release|Any CPU.ActiveCfg = Release|Any CPU
		{CF2AFAA8-874B-493A-8820-8BE31D545BD8}.Release|Any CPU.Build.0 = Release|Any CPU
		{CF2AFAA8-874B-493A-8820-8BE31D545BD8}.Release|x64.ActiveCfg = Release|Any CPU
		{CF2AFAA8-874B-493A-8820-8BE31D545BD8}.Release|x64.Build.0 = Release|Any CPU
		{CF2AFAA8-874B-493A-8820-8BE31D545BD8}.Release|x86.ActiveCfg = Release|Any CPU
		{CF2AFAA8-874B-493A-8820-8BE31D545BD8}.Release|x86.Build.0 = Release|Any CPU
		{DCCEA79F-7FA8-472F-84D7-564765CF0DDF}.Debug|Any CPU.ActiveCfg = Debug|Any CPU
		{DCCEA79F-7FA8-472F-84D7-564765CF0DDF}.Debug|Any CPU.Build.0 = Debug|Any CPU
		{DCCEA79F-7FA8-472F-84D7-564765CF0DDF}.Debug|x64.ActiveCfg = Debug|Any CPU
		{DCCEA79F-7FA8-472F-84D7-564765CF0DDF}.Debug|x64.Build.0 = Debug|Any CPU
		{DCCEA79F-7FA8-472F-84D7-564765CF0DDF}.Debug|x86.ActiveCfg = Debug|Any CPU
		{DCCEA79F-7FA8-472F-84D7-564765CF0DDF}.Debug|x86.Build.0 = Debug|Any CPU
		{DCCEA79F-7FA8-472F-84D7-564765CF0DDF}.Release|Any CPU.ActiveCfg = Release|Any CPU
		{DCCEA79F-7FA8-472F-84D7-564765CF0DDF}.Release|Any CPU.Build.0 = Release|Any CPU
		{DCCEA79F-7FA8-472F-84D7-564765CF0DDF}.Release|x64.ActiveCfg = Release|Any CPU
		{DCCEA79F-7FA8-472F-84D7-564765CF0DDF}.Release|x64.Build.0 = Release|Any CPU
		{DCCEA79F-7FA8-472F-84D7-564765CF0DDF}.Release|x86.ActiveCfg = Release|Any CPU
		{DCCEA79F-7FA8-472F-84D7-564765CF0DDF}.Release|x86.Build.0 = Release|Any CPU
		{FC250A77-A9B1-4E7E-B176-3E20FB58A97D}.Debug|Any CPU.ActiveCfg = Debug|Any CPU
		{FC250A77-A9B1-4E7E-B176-3E20FB58A97D}.Debug|Any CPU.Build.0 = Debug|Any CPU
		{FC250A77-A9B1-4E7E-B176-3E20FB58A97D}.Debug|x64.ActiveCfg = Debug|Any CPU
		{FC250A77-A9B1-4E7E-B176-3E20FB58A97D}.Debug|x64.Build.0 = Debug|Any CPU
		{FC250A77-A9B1-4E7E-B176-3E20FB58A97D}.Debug|x86.ActiveCfg = Debug|Any CPU
		{FC250A77-A9B1-4E7E-B176-3E20FB58A97D}.Debug|x86.Build.0 = Debug|Any CPU
		{FC250A77-A9B1-4E7E-B176-3E20FB58A97D}.Release|Any CPU.ActiveCfg = Release|Any CPU
		{FC250A77-A9B1-4E7E-B176-3E20FB58A97D}.Release|Any CPU.Build.0 = Release|Any CPU
		{FC250A77-A9B1-4E7E-B176-3E20FB58A97D}.Release|x64.ActiveCfg = Release|Any CPU
		{FC250A77-A9B1-4E7E-B176-3E20FB58A97D}.Release|x64.Build.0 = Release|Any CPU
		{FC250A77-A9B1-4E7E-B176-3E20FB58A97D}.Release|x86.ActiveCfg = Release|Any CPU
		{FC250A77-A9B1-4E7E-B176-3E20FB58A97D}.Release|x86.Build.0 = Release|Any CPU
		{798CCDEF-86EA-4CFF-9CE3-5311CD8B8214}.Debug|Any CPU.ActiveCfg = Debug|Any CPU
		{798CCDEF-86EA-4CFF-9CE3-5311CD8B8214}.Debug|Any CPU.Build.0 = Debug|Any CPU
		{798CCDEF-86EA-4CFF-9CE3-5311CD8B8214}.Debug|x64.ActiveCfg = Debug|Any CPU
		{798CCDEF-86EA-4CFF-9CE3-5311CD8B8214}.Debug|x64.Build.0 = Debug|Any CPU
		{798CCDEF-86EA-4CFF-9CE3-5311CD8B8214}.Debug|x86.ActiveCfg = Debug|Any CPU
		{798CCDEF-86EA-4CFF-9CE3-5311CD8B8214}.Debug|x86.Build.0 = Debug|Any CPU
		{798CCDEF-86EA-4CFF-9CE3-5311CD8B8214}.Release|Any CPU.ActiveCfg = Release|Any CPU
		{798CCDEF-86EA-4CFF-9CE3-5311CD8B8214}.Release|Any CPU.Build.0 = Release|Any CPU
		{798CCDEF-86EA-4CFF-9CE3-5311CD8B8214}.Release|x64.ActiveCfg = Release|Any CPU
		{798CCDEF-86EA-4CFF-9CE3-5311CD8B8214}.Release|x64.Build.0 = Release|Any CPU
		{798CCDEF-86EA-4CFF-9CE3-5311CD8B8214}.Release|x86.ActiveCfg = Release|Any CPU
		{798CCDEF-86EA-4CFF-9CE3-5311CD8B8214}.Release|x86.Build.0 = Release|Any CPU
		{F9EB5264-FFE2-4579-BE86-6D4B6915F5E3}.Debug|Any CPU.ActiveCfg = Debug|Any CPU
		{F9EB5264-FFE2-4579-BE86-6D4B6915F5E3}.Debug|Any CPU.Build.0 = Debug|Any CPU
		{F9EB5264-FFE2-4579-BE86-6D4B6915F5E3}.Debug|x64.ActiveCfg = Debug|Any CPU
		{F9EB5264-FFE2-4579-BE86-6D4B6915F5E3}.Debug|x64.Build.0 = Debug|Any CPU
		{F9EB5264-FFE2-4579-BE86-6D4B6915F5E3}.Debug|x86.ActiveCfg = Debug|Any CPU
		{F9EB5264-FFE2-4579-BE86-6D4B6915F5E3}.Debug|x86.Build.0 = Debug|Any CPU
		{F9EB5264-FFE2-4579-BE86-6D4B6915F5E3}.Release|Any CPU.ActiveCfg = Release|Any CPU
		{F9EB5264-FFE2-4579-BE86-6D4B6915F5E3}.Release|Any CPU.Build.0 = Release|Any CPU
		{F9EB5264-FFE2-4579-BE86-6D4B6915F5E3}.Release|x64.ActiveCfg = Release|Any CPU
		{F9EB5264-FFE2-4579-BE86-6D4B6915F5E3}.Release|x64.Build.0 = Release|Any CPU
		{F9EB5264-FFE2-4579-BE86-6D4B6915F5E3}.Release|x86.ActiveCfg = Release|Any CPU
		{F9EB5264-FFE2-4579-BE86-6D4B6915F5E3}.Release|x86.Build.0 = Release|Any CPU
		{BFBF1BA5-F0BB-44A9-AAC0-2BB79C895A9A}.Debug|Any CPU.ActiveCfg = Debug|Any CPU
		{BFBF1BA5-F0BB-44A9-AAC0-2BB79C895A9A}.Debug|Any CPU.Build.0 = Debug|Any CPU
		{BFBF1BA5-F0BB-44A9-AAC0-2BB79C895A9A}.Debug|x64.ActiveCfg = Debug|Any CPU
		{BFBF1BA5-F0BB-44A9-AAC0-2BB79C895A9A}.Debug|x64.Build.0 = Debug|Any CPU
		{BFBF1BA5-F0BB-44A9-AAC0-2BB79C895A9A}.Debug|x86.ActiveCfg = Debug|Any CPU
		{BFBF1BA5-F0BB-44A9-AAC0-2BB79C895A9A}.Debug|x86.Build.0 = Debug|Any CPU
		{BFBF1BA5-F0BB-44A9-AAC0-2BB79C895A9A}.Release|Any CPU.ActiveCfg = Release|Any CPU
		{BFBF1BA5-F0BB-44A9-AAC0-2BB79C895A9A}.Release|Any CPU.Build.0 = Release|Any CPU
		{BFBF1BA5-F0BB-44A9-AAC0-2BB79C895A9A}.Release|x64.ActiveCfg = Release|Any CPU
		{BFBF1BA5-F0BB-44A9-AAC0-2BB79C895A9A}.Release|x64.Build.0 = Release|Any CPU
		{BFBF1BA5-F0BB-44A9-AAC0-2BB79C895A9A}.Release|x86.ActiveCfg = Release|Any CPU
		{BFBF1BA5-F0BB-44A9-AAC0-2BB79C895A9A}.Release|x86.Build.0 = Release|Any CPU
	EndGlobalSection
	GlobalSection(SolutionProperties) = preSolution
		HideSolutionNode = FALSE
	EndGlobalSection
	GlobalSection(NestedProjects) = preSolution
		{F3DF5AC5-8CDC-46D4-969D-1245A6880215} = {CE64E92B-E088-46FB-9028-7FB6B67DEC55}
		{93324D12-DE1B-4C1B-934A-92AA140FF6F6} = {F3DF5AC5-8CDC-46D4-969D-1245A6880215}
		{79981A5A-207A-4A16-A21B-5E80394082F6} = {F3DF5AC5-8CDC-46D4-969D-1245A6880215}
		{05248A38-0F34-4E59-A3D1-B07097987AFB} = {CE64E92B-E088-46FB-9028-7FB6B67DEC55}
		{32F5383E-4201-4527-98DB-40715BB9F574} = {F3DF5AC5-8CDC-46D4-969D-1245A6880215}
		{12F8343D-20A6-4E24-B0F5-3A66F2228CF6} = {F3DF5AC5-8CDC-46D4-969D-1245A6880215}
		{294D6FF8-9379-4AB8-A203-8D0CC85FBFBB} = {05248A38-0F34-4E59-A3D1-B07097987AFB}
		{A1D828E4-6B83-4BA2-B8E9-B21CE3BE8A31} = {05248A38-0F34-4E59-A3D1-B07097987AFB}
		{86BD3DF6-A3E9-4839-8036-813A20DC8AD6} = {CE64E92B-E088-46FB-9028-7FB6B67DEC55}
		{ECCEA352-8953-49D6-8F87-8AB361499420} = {12F8343D-20A6-4E24-B0F5-3A66F2228CF6}
		{D64AD07C-A711-42D8-8653-EDCD7A825A44} = {12F8343D-20A6-4E24-B0F5-3A66F2228CF6}
		{E54C7411-6CB4-4AE7-B583-4E669C3C0059} = {32F5383E-4201-4527-98DB-40715BB9F574}
		{B3866EEF-8F46-4302-ABAC-A95EE2F27331} = {79981A5A-207A-4A16-A21B-5E80394082F6}
		{8C7DAF8E-F792-4092-8BBF-31A6B898B39A} = {93324D12-DE1B-4C1B-934A-92AA140FF6F6}
		{B15705B5-041C-4F1E-8342-AD03182EDD42} = {93324D12-DE1B-4C1B-934A-92AA140FF6F6}
		{89FE1C3B-29D3-48A8-8E7D-90C261D266C5} = {93324D12-DE1B-4C1B-934A-92AA140FF6F6}
		{BCE4A428-8B97-4B56-AE45-496EE3906667} = {2B1F75CE-07A6-4C19-A2E3-F9E062CFDDFB}
		{27BEF279-AE73-43DC-92A9-FD7021A999D0} = {2B1F75CE-07A6-4C19-A2E3-F9E062CFDDFB}
		{34359707-CE66-4DF0-9EF4-D7544B615564} = {2B1F75CE-07A6-4C19-A2E3-F9E062CFDDFB}
		{990CA37A-86D3-4FE6-B777-3CF0DDAC6BF6} = {D36E77BC-4568-4BC8-9506-1EFB7B1CD335}
		{2119CE89-308D-4932-BFCE-8CDC0A05EB9E} = {D36E77BC-4568-4BC8-9506-1EFB7B1CD335}
		{DBA45CF8-2C60-4EFD-A2BA-6CE2A078AA42} = {F3DF5AC5-8CDC-46D4-969D-1245A6880215}
		{6BE2E0FA-995B-4ABA-A64E-F4E3BC941A76} = {DBA45CF8-2C60-4EFD-A2BA-6CE2A078AA42}
		{1DF3DFB2-38ED-4B5D-B0B5-EFAC57CC4A66} = {DBA45CF8-2C60-4EFD-A2BA-6CE2A078AA42}
		{B7C04F55-5497-442B-BCDE-1EDB3EB8880D} = {F3DF5AC5-8CDC-46D4-969D-1245A6880215}
		{9079C499-552A-42A9-8FED-2846F244A9D4} = {B7C04F55-5497-442B-BCDE-1EDB3EB8880D}
		{C7280AB2-F007-4925-85DD-74A92C686A28} = {B7C04F55-5497-442B-BCDE-1EDB3EB8880D}
		{55BFF9A1-769F-4E0C-B157-A37814BCA8BB} = {F3DF5AC5-8CDC-46D4-969D-1245A6880215}
		{00175447-E7B0-44AF-B809-807A50AD4D56} = {55BFF9A1-769F-4E0C-B157-A37814BCA8BB}
		{D7EF513D-E578-4B4F-AE06-B3118C553FF4} = {55BFF9A1-769F-4E0C-B157-A37814BCA8BB}
		{52876667-140B-43A9-BAAF-850AF210254E} = {F3DF5AC5-8CDC-46D4-969D-1245A6880215}
		{DB7261EF-2C42-43E8-A22A-8BF38217B42E} = {52876667-140B-43A9-BAAF-850AF210254E}
		{CF2AFAA8-874B-493A-8820-8BE31D545BD8} = {52876667-140B-43A9-BAAF-850AF210254E}
		{1073AB87-1ACB-4A00-A86B-734FE86EA1E8} = {F3DF5AC5-8CDC-46D4-969D-1245A6880215}
		{DCCEA79F-7FA8-472F-84D7-564765CF0DDF} = {1073AB87-1ACB-4A00-A86B-734FE86EA1E8}
		{FC250A77-A9B1-4E7E-B176-3E20FB58A97D} = {1073AB87-1ACB-4A00-A86B-734FE86EA1E8}
		{798CCDEF-86EA-4CFF-9CE3-5311CD8B8214} = {F3DF5AC5-8CDC-46D4-969D-1245A6880215}
		{640F5155-F2BC-497A-A1AE-F6E50D4B9B76} = {F3DF5AC5-8CDC-46D4-969D-1245A6880215}
		{F9EB5264-FFE2-4579-BE86-6D4B6915F5E3} = {640F5155-F2BC-497A-A1AE-F6E50D4B9B76}
		{BFBF1BA5-F0BB-44A9-AAC0-2BB79C895A9A} = {640F5155-F2BC-497A-A1AE-F6E50D4B9B76}
	EndGlobalSection
	GlobalSection(ExtensibilityGlobals) = postSolution
		SolutionGuid = {EA8248C2-3877-4AF7-8777-A17E7881E030}
	EndGlobalSection
EndGlobal
